// !$*UTF8*$!
{
	archiveVersion = 1;
	classes = {
	};
	objectVersion = 55;
	objects = {

/* Begin PBXBuildFile section */
		A8694063BFE0F84C1C5F4E4D /* Pods_IkaSports_IkaSportsUITests.framework in Frameworks */ = {isa = PBXBuildFile; fileRef = D5C1A3CE705C3B17856B0CB9 /* Pods_IkaSports_IkaSportsUITests.framework */; };
		AB6C0D594DD6900A24AC38FE /* Pods_IkaSportsTests.framework in Frameworks */ = {isa = PBXBuildFile; fileRef = 9F143F0C9CC4AEFDB9A2B44C /* Pods_IkaSportsTests.framework */; };
		D1E216A87EEBDFAAB0F3BB88 /* Pods_IkaSports.framework in Frameworks */ = {isa = PBXBuildFile; fileRef = 87DE2C8C358A566BD7919814 /* Pods_IkaSports.framework */; };
		DDBBA073288C35670054E38E /* TeamsViewController.swift in Sources */ = {isa = PBXBuildFile; fileRef = DDBBA072288C35670054E38E /* TeamsViewController.swift */; };
		DDBBA076288C35900054E38E /* TeamsModel.swift in Sources */ = {isa = PBXBuildFile; fileRef = DDBBA075288C35900054E38E /* TeamsModel.swift */; };
		DDBBA078288C398C0054E38E /* TeamsAPIClient.swift in Sources */ = {isa = PBXBuildFile; fileRef = DDBBA077288C398C0054E38E /* TeamsAPIClient.swift */; };
		DDBBA07C288C3A510054E38E /* TeamsViewModel.swift in Sources */ = {isa = PBXBuildFile; fileRef = DDBBA07B288C3A510054E38E /* TeamsViewModel.swift */; };
		DDBBA07F288C3C260054E38E /* TeamsCell.xib in Resources */ = {isa = PBXBuildFile; fileRef = DDBBA07E288C3C260054E38E /* TeamsCell.xib */; };
		DDBBA081288C3D260054E38E /* TeamsTableViewCell.swift in Sources */ = {isa = PBXBuildFile; fileRef = DDBBA080288C3D260054E38E /* TeamsTableViewCell.swift */; };
		DDBBA083288C49190054E38E /* TeamsStruct.swift in Sources */ = {isa = PBXBuildFile; fileRef = DDBBA082288C49190054E38E /* TeamsStruct.swift */; };
		DDBBA086288C52610054E38E /* TeamDetailsViewController.swift in Sources */ = {isa = PBXBuildFile; fileRef = DDBBA085288C52610054E38E /* TeamDetailsViewController.swift */; };
		DDBBA089288C71F70054E38E /* ImagesCollectionViewCell.swift in Sources */ = {isa = PBXBuildFile; fileRef = DDBBA088288C71F70054E38E /* ImagesCollectionViewCell.swift */; };
		DDC07E4E288B919B007319FC /* LoadingView.xib in Resources */ = {isa = PBXBuildFile; fileRef = DDC07E4D288B919B007319FC /* LoadingView.xib */; };
		DDC07E50288B9602007319FC /* Animaciones in Resources */ = {isa = PBXBuildFile; fileRef = DDC07E4F288B9602007319FC /* Animaciones */; };
		DDD57066288AED57009BDAC5 /* ValidationView.storyboard in Resources */ = {isa = PBXBuildFile; fileRef = DDD57065288AED57009BDAC5 /* ValidationView.storyboard */; };
		DDD57068288AED6E009BDAC5 /* ValidationViewController.swift in Sources */ = {isa = PBXBuildFile; fileRef = DDD57067288AED6E009BDAC5 /* ValidationViewController.swift */; };
		DDD57071288AF6D5009BDAC5 /* lottie.swift in Sources */ = {isa = PBXBuildFile; fileRef = DDD57070288AF6D5009BDAC5 /* lottie.swift */; };
		DDD57073288AF7AC009BDAC5 /* popUpViews.swift in Sources */ = {isa = PBXBuildFile; fileRef = DDD57072288AF7AC009BDAC5 /* popUpViews.swift */; };
		DDD57076288B0593009BDAC5 /* VistaInfo.xib in Resources */ = {isa = PBXBuildFile; fileRef = DDD57075288B0593009BDAC5 /* VistaInfo.xib */; };
		DDD57078288B06B7009BDAC5 /* VistaInfo.swift in Sources */ = {isa = PBXBuildFile; fileRef = DDD57077288B06B7009BDAC5 /* VistaInfo.swift */; };
		DDD5707A288B42D7009BDAC5 /* LigasViewController.swift in Sources */ = {isa = PBXBuildFile; fileRef = DDD57079288B42D7009BDAC5 /* LigasViewController.swift */; };
		DDD5707D288B5CBB009BDAC5 /* LeaguesCell.xib in Resources */ = {isa = PBXBuildFile; fileRef = DDD5707C288B5CBB009BDAC5 /* LeaguesCell.xib */; };
		DDD5707F288B5EF1009BDAC5 /* LeaguesTableViewCell.swift in Sources */ = {isa = PBXBuildFile; fileRef = DDD5707E288B5EF1009BDAC5 /* LeaguesTableViewCell.swift */; };
		DDD666042889E93A00F2337B /* AppDelegate.swift in Sources */ = {isa = PBXBuildFile; fileRef = DDD666032889E93A00F2337B /* AppDelegate.swift */; };
		DDD666062889E93A00F2337B /* SceneDelegate.swift in Sources */ = {isa = PBXBuildFile; fileRef = DDD666052889E93A00F2337B /* SceneDelegate.swift */; };
		DDD666082889E93A00F2337B /* HomeView.swift in Sources */ = {isa = PBXBuildFile; fileRef = DDD666072889E93A00F2337B /* HomeView.swift */; };
		DDD6660B2889E93A00F2337B /* Main.storyboard in Resources */ = {isa = PBXBuildFile; fileRef = DDD666092889E93A00F2337B /* Main.storyboard */; };
		DDD6660D2889E93B00F2337B /* Assets.xcassets in Resources */ = {isa = PBXBuildFile; fileRef = DDD6660C2889E93B00F2337B /* Assets.xcassets */; };
		DDD666102889E93B00F2337B /* LaunchScreen.storyboard in Resources */ = {isa = PBXBuildFile; fileRef = DDD6660E2889E93B00F2337B /* LaunchScreen.storyboard */; };
		DDD6661B2889E93B00F2337B /* IkaSportsTests.swift in Sources */ = {isa = PBXBuildFile; fileRef = DDD6661A2889E93B00F2337B /* IkaSportsTests.swift */; };
		DDD666252889E93B00F2337B /* IkaSportsUITests.swift in Sources */ = {isa = PBXBuildFile; fileRef = DDD666242889E93B00F2337B /* IkaSportsUITests.swift */; };
		DDD666272889E93B00F2337B /* IkaSportsUITestsLaunchTests.swift in Sources */ = {isa = PBXBuildFile; fileRef = DDD666262889E93B00F2337B /* IkaSportsUITestsLaunchTests.swift */; };
		DDD666342889EDF800F2337B /* Colors.xcassets in Resources */ = {isa = PBXBuildFile; fileRef = DDD666332889EDF800F2337B /* Colors.xcassets */; };
		DDD666372889FE1400F2337B /* OnBoarding.storyboard in Resources */ = {isa = PBXBuildFile; fileRef = DDD666362889FE1400F2337B /* OnBoarding.storyboard */; };
		DDD66639288A0FAF00F2337B /* OnBoardingCollectionViewCell.swift in Sources */ = {isa = PBXBuildFile; fileRef = DDD66638288A0FAF00F2337B /* OnBoardingCollectionViewCell.swift */; };
		DDD6663B288A106800F2337B /* OnBoardingViewController.swift in Sources */ = {isa = PBXBuildFile; fileRef = DDD6663A288A106800F2337B /* OnBoardingViewController.swift */; };
		DDD6663E288A360B00F2337B /* DeportesCell.xib in Resources */ = {isa = PBXBuildFile; fileRef = DDD6663D288A360B00F2337B /* DeportesCell.xib */; };
		DDD66640288A3B1E00F2337B /* DeportesTableViewCell.swift in Sources */ = {isa = PBXBuildFile; fileRef = DDD6663F288A3B1E00F2337B /* DeportesTableViewCell.swift */; };
		DDD66643288A418900F2337B /* EndPoints.swift in Sources */ = {isa = PBXBuildFile; fileRef = DDD66642288A418900F2337B /* EndPoints.swift */; };
		DDD66648288A42D200F2337B /* DeportesModel.swift in Sources */ = {isa = PBXBuildFile; fileRef = DDD66647288A42D200F2337B /* DeportesModel.swift */; };
		DDD6664A288A430C00F2337B /* DeportesAPIClient.swift in Sources */ = {isa = PBXBuildFile; fileRef = DDD66649288A430C00F2337B /* DeportesAPIClient.swift */; };
		DDD6664C288A434E00F2337B /* DeportesViewModel.swift in Sources */ = {isa = PBXBuildFile; fileRef = DDD6664B288A434E00F2337B /* DeportesViewModel.swift */; };
		DDD6664E288A43C400F2337B /* LigasModel.swift in Sources */ = {isa = PBXBuildFile; fileRef = DDD6664D288A43C400F2337B /* LigasModel.swift */; };
		DDD66650288A43C600F2337B /* LigasAPIClient.swift in Sources */ = {isa = PBXBuildFile; fileRef = DDD6664F288A43C600F2337B /* LigasAPIClient.swift */; };
		DDD66652288A43C800F2337B /* LigasViewModel.swift in Sources */ = {isa = PBXBuildFile; fileRef = DDD66651288A43C800F2337B /* LigasViewModel.swift */; };
/* End PBXBuildFile section */

/* Begin PBXContainerItemProxy section */
		DDD666172889E93B00F2337B /* PBXContainerItemProxy */ = {
			isa = PBXContainerItemProxy;
			containerPortal = DDD665F82889E93A00F2337B /* Project object */;
			proxyType = 1;
			remoteGlobalIDString = DDD665FF2889E93A00F2337B;
			remoteInfo = IkaSports;
		};
		DDD666212889E93B00F2337B /* PBXContainerItemProxy */ = {
			isa = PBXContainerItemProxy;
			containerPortal = DDD665F82889E93A00F2337B /* Project object */;
			proxyType = 1;
			remoteGlobalIDString = DDD665FF2889E93A00F2337B;
			remoteInfo = IkaSports;
		};
/* End PBXContainerItemProxy section */

/* Begin PBXFileReference section */
		13497FCD91656AA590FC45EB /* Pods-IkaSports-IkaSportsUITests.debug.xcconfig */ = {isa = PBXFileReference; includeInIndex = 1; lastKnownFileType = text.xcconfig; name = "Pods-IkaSports-IkaSportsUITests.debug.xcconfig"; path = "Target Support Files/Pods-IkaSports-IkaSportsUITests/Pods-IkaSports-IkaSportsUITests.debug.xcconfig"; sourceTree = "<group>"; };
		1EDA8F82CA828164C757E0F1 /* Pods-IkaSports-IkaSportsUITests.release.xcconfig */ = {isa = PBXFileReference; includeInIndex = 1; lastKnownFileType = text.xcconfig; name = "Pods-IkaSports-IkaSportsUITests.release.xcconfig"; path = "Target Support Files/Pods-IkaSports-IkaSportsUITests/Pods-IkaSports-IkaSportsUITests.release.xcconfig"; sourceTree = "<group>"; };
		3F010D02693A6BF5FCB2B536 /* Pods-IkaSports.debug.xcconfig */ = {isa = PBXFileReference; includeInIndex = 1; lastKnownFileType = text.xcconfig; name = "Pods-IkaSports.debug.xcconfig"; path = "Target Support Files/Pods-IkaSports/Pods-IkaSports.debug.xcconfig"; sourceTree = "<group>"; };
		87DE2C8C358A566BD7919814 /* Pods_IkaSports.framework */ = {isa = PBXFileReference; explicitFileType = wrapper.framework; includeInIndex = 0; path = Pods_IkaSports.framework; sourceTree = BUILT_PRODUCTS_DIR; };
		9F143F0C9CC4AEFDB9A2B44C /* Pods_IkaSportsTests.framework */ = {isa = PBXFileReference; explicitFileType = wrapper.framework; includeInIndex = 0; path = Pods_IkaSportsTests.framework; sourceTree = BUILT_PRODUCTS_DIR; };
		A91179026D8AA0D7DED16CF9 /* Pods-IkaSports.release.xcconfig */ = {isa = PBXFileReference; includeInIndex = 1; lastKnownFileType = text.xcconfig; name = "Pods-IkaSports.release.xcconfig"; path = "Target Support Files/Pods-IkaSports/Pods-IkaSports.release.xcconfig"; sourceTree = "<group>"; };
		CF049A86535737E0C00ABFF8 /* Pods-IkaSportsTests.release.xcconfig */ = {isa = PBXFileReference; includeInIndex = 1; lastKnownFileType = text.xcconfig; name = "Pods-IkaSportsTests.release.xcconfig"; path = "Target Support Files/Pods-IkaSportsTests/Pods-IkaSportsTests.release.xcconfig"; sourceTree = "<group>"; };
		D5C1A3CE705C3B17856B0CB9 /* Pods_IkaSports_IkaSportsUITests.framework */ = {isa = PBXFileReference; explicitFileType = wrapper.framework; includeInIndex = 0; path = Pods_IkaSports_IkaSportsUITests.framework; sourceTree = BUILT_PRODUCTS_DIR; };
		DDBBA072288C35670054E38E /* TeamsViewController.swift */ = {isa = PBXFileReference; lastKnownFileType = sourcecode.swift; path = TeamsViewController.swift; sourceTree = "<group>"; };
		DDBBA075288C35900054E38E /* TeamsModel.swift */ = {isa = PBXFileReference; lastKnownFileType = sourcecode.swift; path = TeamsModel.swift; sourceTree = "<group>"; };
		DDBBA077288C398C0054E38E /* TeamsAPIClient.swift */ = {isa = PBXFileReference; lastKnownFileType = sourcecode.swift; path = TeamsAPIClient.swift; sourceTree = "<group>"; };
		DDBBA07B288C3A510054E38E /* TeamsViewModel.swift */ = {isa = PBXFileReference; lastKnownFileType = sourcecode.swift; path = TeamsViewModel.swift; sourceTree = "<group>"; };
		DDBBA07E288C3C260054E38E /* TeamsCell.xib */ = {isa = PBXFileReference; lastKnownFileType = file.xib; path = TeamsCell.xib; sourceTree = "<group>"; };
		DDBBA080288C3D260054E38E /* TeamsTableViewCell.swift */ = {isa = PBXFileReference; lastKnownFileType = sourcecode.swift; path = TeamsTableViewCell.swift; sourceTree = "<group>"; };
		DDBBA082288C49190054E38E /* TeamsStruct.swift */ = {isa = PBXFileReference; lastKnownFileType = sourcecode.swift; path = TeamsStruct.swift; sourceTree = "<group>"; };
		DDBBA085288C52610054E38E /* TeamDetailsViewController.swift */ = {isa = PBXFileReference; lastKnownFileType = sourcecode.swift; path = TeamDetailsViewController.swift; sourceTree = "<group>"; };
		DDBBA088288C71F70054E38E /* ImagesCollectionViewCell.swift */ = {isa = PBXFileReference; lastKnownFileType = sourcecode.swift; path = ImagesCollectionViewCell.swift; sourceTree = "<group>"; };
		DDC07E4D288B919B007319FC /* LoadingView.xib */ = {isa = PBXFileReference; fileEncoding = 4; lastKnownFileType = file.xib; path = LoadingView.xib; sourceTree = "<group>"; };
		DDC07E4F288B9602007319FC /* Animaciones */ = {isa = PBXFileReference; lastKnownFileType = folder; path = Animaciones; sourceTree = "<group>"; };
		DDD57065288AED57009BDAC5 /* ValidationView.storyboard */ = {isa = PBXFileReference; lastKnownFileType = file.storyboard; path = ValidationView.storyboard; sourceTree = "<group>"; };
		DDD57067288AED6E009BDAC5 /* ValidationViewController.swift */ = {isa = PBXFileReference; lastKnownFileType = sourcecode.swift; path = ValidationViewController.swift; sourceTree = "<group>"; };
		DDD57070288AF6D5009BDAC5 /* lottie.swift */ = {isa = PBXFileReference; lastKnownFileType = sourcecode.swift; path = lottie.swift; sourceTree = "<group>"; };
		DDD57072288AF7AC009BDAC5 /* popUpViews.swift */ = {isa = PBXFileReference; lastKnownFileType = sourcecode.swift; path = popUpViews.swift; sourceTree = "<group>"; };
		DDD57075288B0593009BDAC5 /* VistaInfo.xib */ = {isa = PBXFileReference; lastKnownFileType = file.xib; path = VistaInfo.xib; sourceTree = "<group>"; };
		DDD57077288B06B7009BDAC5 /* VistaInfo.swift */ = {isa = PBXFileReference; lastKnownFileType = sourcecode.swift; path = VistaInfo.swift; sourceTree = "<group>"; };
		DDD57079288B42D7009BDAC5 /* LigasViewController.swift */ = {isa = PBXFileReference; lastKnownFileType = sourcecode.swift; path = LigasViewController.swift; sourceTree = "<group>"; };
		DDD5707C288B5CBB009BDAC5 /* LeaguesCell.xib */ = {isa = PBXFileReference; lastKnownFileType = file.xib; path = LeaguesCell.xib; sourceTree = "<group>"; };
		DDD5707E288B5EF1009BDAC5 /* LeaguesTableViewCell.swift */ = {isa = PBXFileReference; lastKnownFileType = sourcecode.swift; path = LeaguesTableViewCell.swift; sourceTree = "<group>"; };
		DDD666002889E93A00F2337B /* IkaSports.app */ = {isa = PBXFileReference; explicitFileType = wrapper.application; includeInIndex = 0; path = IkaSports.app; sourceTree = BUILT_PRODUCTS_DIR; };
		DDD666032889E93A00F2337B /* AppDelegate.swift */ = {isa = PBXFileReference; lastKnownFileType = sourcecode.swift; path = AppDelegate.swift; sourceTree = "<group>"; };
		DDD666052889E93A00F2337B /* SceneDelegate.swift */ = {isa = PBXFileReference; lastKnownFileType = sourcecode.swift; path = SceneDelegate.swift; sourceTree = "<group>"; };
		DDD666072889E93A00F2337B /* HomeView.swift */ = {isa = PBXFileReference; lastKnownFileType = sourcecode.swift; path = HomeView.swift; sourceTree = "<group>"; };
		DDD6660A2889E93A00F2337B /* Base */ = {isa = PBXFileReference; lastKnownFileType = file.storyboard; name = Base; path = Base.lproj/Main.storyboard; sourceTree = "<group>"; };
		DDD6660C2889E93B00F2337B /* Assets.xcassets */ = {isa = PBXFileReference; lastKnownFileType = folder.assetcatalog; path = Assets.xcassets; sourceTree = "<group>"; };
		DDD6660F2889E93B00F2337B /* Base */ = {isa = PBXFileReference; lastKnownFileType = file.storyboard; name = Base; path = Base.lproj/LaunchScreen.storyboard; sourceTree = "<group>"; };
		DDD666112889E93B00F2337B /* Info.plist */ = {isa = PBXFileReference; lastKnownFileType = text.plist.xml; path = Info.plist; sourceTree = "<group>"; };
		DDD666162889E93B00F2337B /* IkaSportsTests.xctest */ = {isa = PBXFileReference; explicitFileType = wrapper.cfbundle; includeInIndex = 0; path = IkaSportsTests.xctest; sourceTree = BUILT_PRODUCTS_DIR; };
		DDD6661A2889E93B00F2337B /* IkaSportsTests.swift */ = {isa = PBXFileReference; lastKnownFileType = sourcecode.swift; path = IkaSportsTests.swift; sourceTree = "<group>"; };
		DDD666202889E93B00F2337B /* IkaSportsUITests.xctest */ = {isa = PBXFileReference; explicitFileType = wrapper.cfbundle; includeInIndex = 0; path = IkaSportsUITests.xctest; sourceTree = BUILT_PRODUCTS_DIR; };
		DDD666242889E93B00F2337B /* IkaSportsUITests.swift */ = {isa = PBXFileReference; lastKnownFileType = sourcecode.swift; path = IkaSportsUITests.swift; sourceTree = "<group>"; };
		DDD666262889E93B00F2337B /* IkaSportsUITestsLaunchTests.swift */ = {isa = PBXFileReference; lastKnownFileType = sourcecode.swift; path = IkaSportsUITestsLaunchTests.swift; sourceTree = "<group>"; };
		DDD666332889EDF800F2337B /* Colors.xcassets */ = {isa = PBXFileReference; lastKnownFileType = folder.assetcatalog; path = Colors.xcassets; sourceTree = "<group>"; };
		DDD666362889FE1400F2337B /* OnBoarding.storyboard */ = {isa = PBXFileReference; lastKnownFileType = file.storyboard; path = OnBoarding.storyboard; sourceTree = "<group>"; };
		DDD66638288A0FAF00F2337B /* OnBoardingCollectionViewCell.swift */ = {isa = PBXFileReference; lastKnownFileType = sourcecode.swift; path = OnBoardingCollectionViewCell.swift; sourceTree = "<group>"; };
		DDD6663A288A106800F2337B /* OnBoardingViewController.swift */ = {isa = PBXFileReference; lastKnownFileType = sourcecode.swift; path = OnBoardingViewController.swift; sourceTree = "<group>"; };
		DDD6663D288A360B00F2337B /* DeportesCell.xib */ = {isa = PBXFileReference; lastKnownFileType = file.xib; path = DeportesCell.xib; sourceTree = "<group>"; };
		DDD6663F288A3B1E00F2337B /* DeportesTableViewCell.swift */ = {isa = PBXFileReference; lastKnownFileType = sourcecode.swift; path = DeportesTableViewCell.swift; sourceTree = "<group>"; };
		DDD66642288A418900F2337B /* EndPoints.swift */ = {isa = PBXFileReference; lastKnownFileType = sourcecode.swift; path = EndPoints.swift; sourceTree = "<group>"; };
		DDD66647288A42D200F2337B /* DeportesModel.swift */ = {isa = PBXFileReference; lastKnownFileType = sourcecode.swift; path = DeportesModel.swift; sourceTree = "<group>"; };
		DDD66649288A430C00F2337B /* DeportesAPIClient.swift */ = {isa = PBXFileReference; lastKnownFileType = sourcecode.swift; path = DeportesAPIClient.swift; sourceTree = "<group>"; };
		DDD6664B288A434E00F2337B /* DeportesViewModel.swift */ = {isa = PBXFileReference; lastKnownFileType = sourcecode.swift; path = DeportesViewModel.swift; sourceTree = "<group>"; };
		DDD6664D288A43C400F2337B /* LigasModel.swift */ = {isa = PBXFileReference; lastKnownFileType = sourcecode.swift; path = LigasModel.swift; sourceTree = "<group>"; };
		DDD6664F288A43C600F2337B /* LigasAPIClient.swift */ = {isa = PBXFileReference; lastKnownFileType = sourcecode.swift; path = LigasAPIClient.swift; sourceTree = "<group>"; };
		DDD66651288A43C800F2337B /* LigasViewModel.swift */ = {isa = PBXFileReference; lastKnownFileType = sourcecode.swift; path = LigasViewModel.swift; sourceTree = "<group>"; };
		E053ED028CA97D2537FC9198 /* Pods-IkaSportsTests.debug.xcconfig */ = {isa = PBXFileReference; includeInIndex = 1; lastKnownFileType = text.xcconfig; name = "Pods-IkaSportsTests.debug.xcconfig"; path = "Target Support Files/Pods-IkaSportsTests/Pods-IkaSportsTests.debug.xcconfig"; sourceTree = "<group>"; };
/* End PBXFileReference section */

/* Begin PBXFrameworksBuildPhase section */
		DDD665FD2889E93A00F2337B /* Frameworks */ = {
			isa = PBXFrameworksBuildPhase;
			buildActionMask = 2147483647;
			files = (
				D1E216A87EEBDFAAB0F3BB88 /* Pods_IkaSports.framework in Frameworks */,
			);
			runOnlyForDeploymentPostprocessing = 0;
		};
		DDD666132889E93B00F2337B /* Frameworks */ = {
			isa = PBXFrameworksBuildPhase;
			buildActionMask = 2147483647;
			files = (
				AB6C0D594DD6900A24AC38FE /* Pods_IkaSportsTests.framework in Frameworks */,
			);
			runOnlyForDeploymentPostprocessing = 0;
		};
		DDD6661D2889E93B00F2337B /* Frameworks */ = {
			isa = PBXFrameworksBuildPhase;
			buildActionMask = 2147483647;
			files = (
				A8694063BFE0F84C1C5F4E4D /* Pods_IkaSports_IkaSportsUITests.framework in Frameworks */,
			);
			runOnlyForDeploymentPostprocessing = 0;
		};
/* End PBXFrameworksBuildPhase section */

/* Begin PBXGroup section */
		582093F88B98AE9CEB66883A /* Frameworks */ = {
			isa = PBXGroup;
			children = (
				87DE2C8C358A566BD7919814 /* Pods_IkaSports.framework */,
				D5C1A3CE705C3B17856B0CB9 /* Pods_IkaSports_IkaSportsUITests.framework */,
				9F143F0C9CC4AEFDB9A2B44C /* Pods_IkaSportsTests.framework */,
			);
			name = Frameworks;
			sourceTree = "<group>";
		};
		B45323425E4D5323F6C195E8 /* Pods */ = {
			isa = PBXGroup;
			children = (
				3F010D02693A6BF5FCB2B536 /* Pods-IkaSports.debug.xcconfig */,
				A91179026D8AA0D7DED16CF9 /* Pods-IkaSports.release.xcconfig */,
				13497FCD91656AA590FC45EB /* Pods-IkaSports-IkaSportsUITests.debug.xcconfig */,
				1EDA8F82CA828164C757E0F1 /* Pods-IkaSports-IkaSportsUITests.release.xcconfig */,
				E053ED028CA97D2537FC9198 /* Pods-IkaSportsTests.debug.xcconfig */,
				CF049A86535737E0C00ABFF8 /* Pods-IkaSportsTests.release.xcconfig */,
			);
			path = Pods;
			sourceTree = "<group>";
		};
		DDBBA071288C2EC10054E38E /* TeamsInaLeague */ = {
			isa = PBXGroup;
			children = (
				DDBBA07D288C3C110054E38E /* Cell */,
				DDBBA07A288C3A370054E38E /* ViewModel */,
				DDBBA079288C3A280054E38E /* Network */,
				DDBBA074288C35860054E38E /* Model */,
				DDBBA072288C35670054E38E /* TeamsViewController.swift */,
			);
			path = TeamsInaLeague;
			sourceTree = "<group>";
		};
		DDBBA074288C35860054E38E /* Model */ = {
			isa = PBXGroup;
			children = (
				DDBBA075288C35900054E38E /* TeamsModel.swift */,
				DDBBA082288C49190054E38E /* TeamsStruct.swift */,
			);
			path = Model;
			sourceTree = "<group>";
		};
		DDBBA079288C3A280054E38E /* Network */ = {
			isa = PBXGroup;
			children = (
				DDBBA077288C398C0054E38E /* TeamsAPIClient.swift */,
			);
			path = Network;
			sourceTree = "<group>";
		};
		DDBBA07A288C3A370054E38E /* ViewModel */ = {
			isa = PBXGroup;
			children = (
				DDBBA07B288C3A510054E38E /* TeamsViewModel.swift */,
			);
			path = ViewModel;
			sourceTree = "<group>";
		};
		DDBBA07D288C3C110054E38E /* Cell */ = {
			isa = PBXGroup;
			children = (
				DDBBA07E288C3C260054E38E /* TeamsCell.xib */,
				DDBBA080288C3D260054E38E /* TeamsTableViewCell.swift */,
			);
			path = Cell;
			sourceTree = "<group>";
		};
		DDBBA084288C522D0054E38E /* TeamDetails */ = {
			isa = PBXGroup;
			children = (
				DDBBA087288C71C30054E38E /* CollectionView */,
				DDBBA085288C52610054E38E /* TeamDetailsViewController.swift */,
			);
			path = TeamDetails;
			sourceTree = "<group>";
		};
		DDBBA087288C71C30054E38E /* CollectionView */ = {
			isa = PBXGroup;
			children = (
				DDBBA088288C71F70054E38E /* ImagesCollectionViewCell.swift */,
			);
			path = CollectionView;
			sourceTree = "<group>";
		};
		DDC07E48288B7DD9007319FC /* HomeView */ = {
			isa = PBXGroup;
			children = (
				DDD66646288A428C00F2337B /* ViewModel */,
				DDD66645288A428500F2337B /* Model */,
				DDD66644288A427A00F2337B /* Network */,
				DDC07E49288B7DE8007319FC /* Cell */,
				DDD666072889E93A00F2337B /* HomeView.swift */,
			);
			path = HomeView;
			sourceTree = "<group>";
		};
		DDC07E49288B7DE8007319FC /* Cell */ = {
			isa = PBXGroup;
			children = (
				DDD6663F288A3B1E00F2337B /* DeportesTableViewCell.swift */,
				DDD6663D288A360B00F2337B /* DeportesCell.xib */,
			);
			path = Cell;
			sourceTree = "<group>";
		};
		DDC07E4B288B7E2C007319FC /* LeagueView */ = {
			isa = PBXGroup;
			children = (
				DDD6663C288A35C700F2337B /* Cells */,
				DDD57079288B42D7009BDAC5 /* LigasViewController.swift */,
			);
			path = LeagueView;
			sourceTree = "<group>";
		};
		DDC07E4C288B7E48007319FC /* LoadingView */ = {
			isa = PBXGroup;
			children = (
				DDC07E4D288B919B007319FC /* LoadingView.xib */,
				DDD57070288AF6D5009BDAC5 /* lottie.swift */,
			);
			path = LoadingView;
			sourceTree = "<group>";
		};
		DDD57064288AED3F009BDAC5 /* ValidationView */ = {
			isa = PBXGroup;
			children = (
				DDD57065288AED57009BDAC5 /* ValidationView.storyboard */,
				DDD57067288AED6E009BDAC5 /* ValidationViewController.swift */,
			);
			path = ValidationView;
			sourceTree = "<group>";
		};
		DDD57074288B057D009BDAC5 /* VistaInfo */ = {
			isa = PBXGroup;
			children = (
				DDD57075288B0593009BDAC5 /* VistaInfo.xib */,
				DDD57077288B06B7009BDAC5 /* VistaInfo.swift */,
			);
			path = VistaInfo;
			sourceTree = "<group>";
		};
		DDD665F72889E93A00F2337B = {
			isa = PBXGroup;
			children = (
				DDD666022889E93A00F2337B /* IkaSports */,
				DDD66641288A416500F2337B /* Commos */,
				DDD666192889E93B00F2337B /* IkaSportsTests */,
				DDD666232889E93B00F2337B /* IkaSportsUITests */,
				DDD666012889E93A00F2337B /* Products */,
				B45323425E4D5323F6C195E8 /* Pods */,
				582093F88B98AE9CEB66883A /* Frameworks */,
			);
			sourceTree = "<group>";
		};
		DDD666012889E93A00F2337B /* Products */ = {
			isa = PBXGroup;
			children = (
				DDD666002889E93A00F2337B /* IkaSports.app */,
				DDD666162889E93B00F2337B /* IkaSportsTests.xctest */,
				DDD666202889E93B00F2337B /* IkaSportsUITests.xctest */,
			);
			name = Products;
			sourceTree = "<group>";
		};
		DDD666022889E93A00F2337B /* IkaSports */ = {
			isa = PBXGroup;
			children = (
				DDC07E4F288B9602007319FC /* Animaciones */,
				DDD666352889FDED00F2337B /* OnBoarding */,
				DDD57064288AED3F009BDAC5 /* ValidationView */,
				DDC07E48288B7DD9007319FC /* HomeView */,
				DDC07E4B288B7E2C007319FC /* LeagueView */,
				DDBBA071288C2EC10054E38E /* TeamsInaLeague */,
				DDBBA084288C522D0054E38E /* TeamDetails */,
				DDD666032889E93A00F2337B /* AppDelegate.swift */,
				DDD666052889E93A00F2337B /* SceneDelegate.swift */,
				DDD666092889E93A00F2337B /* Main.storyboard */,
				DDD6660E2889E93B00F2337B /* LaunchScreen.storyboard */,
				DDD666112889E93B00F2337B /* Info.plist */,
				DDD6660C2889E93B00F2337B /* Assets.xcassets */,
				DDD666332889EDF800F2337B /* Colors.xcassets */,
			);
			path = IkaSports;
			sourceTree = "<group>";
		};
		DDD666192889E93B00F2337B /* IkaSportsTests */ = {
			isa = PBXGroup;
			children = (
				DDD6661A2889E93B00F2337B /* IkaSportsTests.swift */,
			);
			path = IkaSportsTests;
			sourceTree = "<group>";
		};
		DDD666232889E93B00F2337B /* IkaSportsUITests */ = {
			isa = PBXGroup;
			children = (
				DDD666242889E93B00F2337B /* IkaSportsUITests.swift */,
				DDD666262889E93B00F2337B /* IkaSportsUITestsLaunchTests.swift */,
			);
			path = IkaSportsUITests;
			sourceTree = "<group>";
		};
		DDD666352889FDED00F2337B /* OnBoarding */ = {
			isa = PBXGroup;
			children = (
				DDD666362889FE1400F2337B /* OnBoarding.storyboard */,
				DDD66638288A0FAF00F2337B /* OnBoardingCollectionViewCell.swift */,
				DDD6663A288A106800F2337B /* OnBoardingViewController.swift */,
			);
			path = OnBoarding;
			sourceTree = "<group>";
		};
		DDD6663C288A35C700F2337B /* Cells */ = {
			isa = PBXGroup;
			children = (
				DDD5707C288B5CBB009BDAC5 /* LeaguesCell.xib */,
				DDD5707E288B5EF1009BDAC5 /* LeaguesTableViewCell.swift */,
			);
			path = Cells;
			sourceTree = "<group>";
		};
		DDD66641288A416500F2337B /* Commos */ = {
			isa = PBXGroup;
			children = (
				DDC07E4C288B7E48007319FC /* LoadingView */,
				DDD57074288B057D009BDAC5 /* VistaInfo */,
				DDD57072288AF7AC009BDAC5 /* popUpViews.swift */,
				DDD66642288A418900F2337B /* EndPoints.swift */,
			);
			path = Commos;
			sourceTree = "<group>";
		};
		DDD66644288A427A00F2337B /* Network */ = {
			isa = PBXGroup;
			children = (
				DDD66649288A430C00F2337B /* DeportesAPIClient.swift */,
				DDD6664F288A43C600F2337B /* LigasAPIClient.swift */,
			);
			path = Network;
			sourceTree = "<group>";
		};
		DDD66645288A428500F2337B /* Model */ = {
			isa = PBXGroup;
			children = (
				DDD66647288A42D200F2337B /* DeportesModel.swift */,
				DDD6664D288A43C400F2337B /* LigasModel.swift */,
			);
			path = Model;
			sourceTree = "<group>";
		};
		DDD66646288A428C00F2337B /* ViewModel */ = {
			isa = PBXGroup;
			children = (
				DDD6664B288A434E00F2337B /* DeportesViewModel.swift */,
				DDD66651288A43C800F2337B /* LigasViewModel.swift */,
			);
			path = ViewModel;
			sourceTree = "<group>";
		};
/* End PBXGroup section */

/* Begin PBXNativeTarget section */
		DDD665FF2889E93A00F2337B /* IkaSports */ = {
			isa = PBXNativeTarget;
			buildConfigurationList = DDD6662A2889E93B00F2337B /* Build configuration list for PBXNativeTarget "IkaSports" */;
			buildPhases = (
				B9EAE5400F9A3BECFAEBD2FB /* [CP] Check Pods Manifest.lock */,
				DDD665FC2889E93A00F2337B /* Sources */,
				DDD665FD2889E93A00F2337B /* Frameworks */,
				DDD665FE2889E93A00F2337B /* Resources */,
				AFDEA1482A52CF36528B637C /* [CP] Embed Pods Frameworks */,
			);
			buildRules = (
			);
			dependencies = (
			);
			name = IkaSports;
			productName = IkaSports;
			productReference = DDD666002889E93A00F2337B /* IkaSports.app */;
			productType = "com.apple.product-type.application";
		};
		DDD666152889E93B00F2337B /* IkaSportsTests */ = {
			isa = PBXNativeTarget;
			buildConfigurationList = DDD6662D2889E93B00F2337B /* Build configuration list for PBXNativeTarget "IkaSportsTests" */;
			buildPhases = (
				9270E5AF2CF282E8265FA5FF /* [CP] Check Pods Manifest.lock */,
				DDD666122889E93B00F2337B /* Sources */,
				DDD666132889E93B00F2337B /* Frameworks */,
				DDD666142889E93B00F2337B /* Resources */,
			);
			buildRules = (
			);
			dependencies = (
				DDD666182889E93B00F2337B /* PBXTargetDependency */,
			);
			name = IkaSportsTests;
			productName = IkaSportsTests;
			productReference = DDD666162889E93B00F2337B /* IkaSportsTests.xctest */;
			productType = "com.apple.product-type.bundle.unit-test";
		};
		DDD6661F2889E93B00F2337B /* IkaSportsUITests */ = {
			isa = PBXNativeTarget;
			buildConfigurationList = DDD666302889E93B00F2337B /* Build configuration list for PBXNativeTarget "IkaSportsUITests" */;
			buildPhases = (
				C0C167AE6086EDAC6E3617AF /* [CP] Check Pods Manifest.lock */,
				DDD6661C2889E93B00F2337B /* Sources */,
				DDD6661D2889E93B00F2337B /* Frameworks */,
				DDD6661E2889E93B00F2337B /* Resources */,
				4FB28B1F2B76F40CF05DF6DA /* [CP] Embed Pods Frameworks */,
			);
			buildRules = (
			);
			dependencies = (
				DDD666222889E93B00F2337B /* PBXTargetDependency */,
			);
			name = IkaSportsUITests;
			productName = IkaSportsUITests;
			productReference = DDD666202889E93B00F2337B /* IkaSportsUITests.xctest */;
			productType = "com.apple.product-type.bundle.ui-testing";
		};
/* End PBXNativeTarget section */

/* Begin PBXProject section */
		DDD665F82889E93A00F2337B /* Project object */ = {
			isa = PBXProject;
			attributes = {
				BuildIndependentTargetsInParallel = 1;
				LastSwiftUpdateCheck = 1340;
				LastUpgradeCheck = 1340;
				TargetAttributes = {
					DDD665FF2889E93A00F2337B = {
						CreatedOnToolsVersion = 13.4.1;
					};
					DDD666152889E93B00F2337B = {
						CreatedOnToolsVersion = 13.4.1;
						TestTargetID = DDD665FF2889E93A00F2337B;
					};
					DDD6661F2889E93B00F2337B = {
						CreatedOnToolsVersion = 13.4.1;
						TestTargetID = DDD665FF2889E93A00F2337B;
					};
				};
			};
			buildConfigurationList = DDD665FB2889E93A00F2337B /* Build configuration list for PBXProject "IkaSports" */;
			compatibilityVersion = "Xcode 13.0";
			developmentRegion = en;
			hasScannedForEncodings = 0;
			knownRegions = (
				en,
				Base,
			);
			mainGroup = DDD665F72889E93A00F2337B;
			productRefGroup = DDD666012889E93A00F2337B /* Products */;
			projectDirPath = "";
			projectRoot = "";
			targets = (
				DDD665FF2889E93A00F2337B /* IkaSports */,
				DDD666152889E93B00F2337B /* IkaSportsTests */,
				DDD6661F2889E93B00F2337B /* IkaSportsUITests */,
			);
		};
/* End PBXProject section */

/* Begin PBXResourcesBuildPhase section */
		DDD665FE2889E93A00F2337B /* Resources */ = {
			isa = PBXResourcesBuildPhase;
			buildActionMask = 2147483647;
			files = (
				DDD666102889E93B00F2337B /* LaunchScreen.storyboard in Resources */,
				DDD6663E288A360B00F2337B /* DeportesCell.xib in Resources */,
				DDD666342889EDF800F2337B /* Colors.xcassets in Resources */,
				DDD6660D2889E93B00F2337B /* Assets.xcassets in Resources */,
				DDD57066288AED57009BDAC5 /* ValidationView.storyboard in Resources */,
				DDD666372889FE1400F2337B /* OnBoarding.storyboard in Resources */,
				DDD5707D288B5CBB009BDAC5 /* LeaguesCell.xib in Resources */,
				DDC07E50288B9602007319FC /* Animaciones in Resources */,
				DDBBA07F288C3C260054E38E /* TeamsCell.xib in Resources */,
				DDD57076288B0593009BDAC5 /* VistaInfo.xib in Resources */,
				DDD6660B2889E93A00F2337B /* Main.storyboard in Resources */,
				DDC07E4E288B919B007319FC /* LoadingView.xib in Resources */,
			);
			runOnlyForDeploymentPostprocessing = 0;
		};
		DDD666142889E93B00F2337B /* Resources */ = {
			isa = PBXResourcesBuildPhase;
			buildActionMask = 2147483647;
			files = (
			);
			runOnlyForDeploymentPostprocessing = 0;
		};
		DDD6661E2889E93B00F2337B /* Resources */ = {
			isa = PBXResourcesBuildPhase;
			buildActionMask = 2147483647;
			files = (
			);
			runOnlyForDeploymentPostprocessing = 0;
		};
/* End PBXResourcesBuildPhase section */

/* Begin PBXShellScriptBuildPhase section */
		4FB28B1F2B76F40CF05DF6DA /* [CP] Embed Pods Frameworks */ = {
			isa = PBXShellScriptBuildPhase;
			buildActionMask = 2147483647;
			files = (
			);
			inputFileListPaths = (
				"${PODS_ROOT}/Target Support Files/Pods-IkaSports-IkaSportsUITests/Pods-IkaSports-IkaSportsUITests-frameworks-${CONFIGURATION}-input-files.xcfilelist",
			);
			name = "[CP] Embed Pods Frameworks";
			outputFileListPaths = (
				"${PODS_ROOT}/Target Support Files/Pods-IkaSports-IkaSportsUITests/Pods-IkaSports-IkaSportsUITests-frameworks-${CONFIGURATION}-output-files.xcfilelist",
			);
			runOnlyForDeploymentPostprocessing = 0;
			shellPath = /bin/sh;
			shellScript = "\"${PODS_ROOT}/Target Support Files/Pods-IkaSports-IkaSportsUITests/Pods-IkaSports-IkaSportsUITests-frameworks.sh\"\n";
			showEnvVarsInLog = 0;
		};
		9270E5AF2CF282E8265FA5FF /* [CP] Check Pods Manifest.lock */ = {
			isa = PBXShellScriptBuildPhase;
			buildActionMask = 2147483647;
			files = (
			);
			inputFileListPaths = (
			);
			inputPaths = (
				"${PODS_PODFILE_DIR_PATH}/Podfile.lock",
				"${PODS_ROOT}/Manifest.lock",
			);
			name = "[CP] Check Pods Manifest.lock";
			outputFileListPaths = (
			);
			outputPaths = (
				"$(DERIVED_FILE_DIR)/Pods-IkaSportsTests-checkManifestLockResult.txt",
			);
			runOnlyForDeploymentPostprocessing = 0;
			shellPath = /bin/sh;
			shellScript = "diff \"${PODS_PODFILE_DIR_PATH}/Podfile.lock\" \"${PODS_ROOT}/Manifest.lock\" > /dev/null\nif [ $? != 0 ] ; then\n    # print error to STDERR\n    echo \"error: The sandbox is not in sync with the Podfile.lock. Run 'pod install' or update your CocoaPods installation.\" >&2\n    exit 1\nfi\n# This output is used by Xcode 'outputs' to avoid re-running this script phase.\necho \"SUCCESS\" > \"${SCRIPT_OUTPUT_FILE_0}\"\n";
			showEnvVarsInLog = 0;
		};
		AFDEA1482A52CF36528B637C /* [CP] Embed Pods Frameworks */ = {
			isa = PBXShellScriptBuildPhase;
			buildActionMask = 2147483647;
			files = (
			);
			inputFileListPaths = (
				"${PODS_ROOT}/Target Support Files/Pods-IkaSports/Pods-IkaSports-frameworks-${CONFIGURATION}-input-files.xcfilelist",
			);
			name = "[CP] Embed Pods Frameworks";
			outputFileListPaths = (
				"${PODS_ROOT}/Target Support Files/Pods-IkaSports/Pods-IkaSports-frameworks-${CONFIGURATION}-output-files.xcfilelist",
			);
			runOnlyForDeploymentPostprocessing = 0;
			shellPath = /bin/sh;
			shellScript = "\"${PODS_ROOT}/Target Support Files/Pods-IkaSports/Pods-IkaSports-frameworks.sh\"\n";
			showEnvVarsInLog = 0;
		};
		B9EAE5400F9A3BECFAEBD2FB /* [CP] Check Pods Manifest.lock */ = {
			isa = PBXShellScriptBuildPhase;
			buildActionMask = 2147483647;
			files = (
			);
			inputFileListPaths = (
			);
			inputPaths = (
				"${PODS_PODFILE_DIR_PATH}/Podfile.lock",
				"${PODS_ROOT}/Manifest.lock",
			);
			name = "[CP] Check Pods Manifest.lock";
			outputFileListPaths = (
			);
			outputPaths = (
				"$(DERIVED_FILE_DIR)/Pods-IkaSports-checkManifestLockResult.txt",
			);
			runOnlyForDeploymentPostprocessing = 0;
			shellPath = /bin/sh;
			shellScript = "diff \"${PODS_PODFILE_DIR_PATH}/Podfile.lock\" \"${PODS_ROOT}/Manifest.lock\" > /dev/null\nif [ $? != 0 ] ; then\n    # print error to STDERR\n    echo \"error: The sandbox is not in sync with the Podfile.lock. Run 'pod install' or update your CocoaPods installation.\" >&2\n    exit 1\nfi\n# This output is used by Xcode 'outputs' to avoid re-running this script phase.\necho \"SUCCESS\" > \"${SCRIPT_OUTPUT_FILE_0}\"\n";
			showEnvVarsInLog = 0;
		};
		C0C167AE6086EDAC6E3617AF /* [CP] Check Pods Manifest.lock */ = {
			isa = PBXShellScriptBuildPhase;
			buildActionMask = 2147483647;
			files = (
			);
			inputFileListPaths = (
			);
			inputPaths = (
				"${PODS_PODFILE_DIR_PATH}/Podfile.lock",
				"${PODS_ROOT}/Manifest.lock",
			);
			name = "[CP] Check Pods Manifest.lock";
			outputFileListPaths = (
			);
			outputPaths = (
				"$(DERIVED_FILE_DIR)/Pods-IkaSports-IkaSportsUITests-checkManifestLockResult.txt",
			);
			runOnlyForDeploymentPostprocessing = 0;
			shellPath = /bin/sh;
			shellScript = "diff \"${PODS_PODFILE_DIR_PATH}/Podfile.lock\" \"${PODS_ROOT}/Manifest.lock\" > /dev/null\nif [ $? != 0 ] ; then\n    # print error to STDERR\n    echo \"error: The sandbox is not in sync with the Podfile.lock. Run 'pod install' or update your CocoaPods installation.\" >&2\n    exit 1\nfi\n# This output is used by Xcode 'outputs' to avoid re-running this script phase.\necho \"SUCCESS\" > \"${SCRIPT_OUTPUT_FILE_0}\"\n";
			showEnvVarsInLog = 0;
		};
/* End PBXShellScriptBuildPhase section */

/* Begin PBXSourcesBuildPhase section */
		DDD665FC2889E93A00F2337B /* Sources */ = {
			isa = PBXSourcesBuildPhase;
			buildActionMask = 2147483647;
			files = (
				DDBBA078288C398C0054E38E /* TeamsAPIClient.swift in Sources */,
				DDD666082889E93A00F2337B /* HomeView.swift in Sources */,
				DDBBA086288C52610054E38E /* TeamDetailsViewController.swift in Sources */,
				DDD5707A288B42D7009BDAC5 /* LigasViewController.swift in Sources */,
				DDBBA07C288C3A510054E38E /* TeamsViewModel.swift in Sources */,
				DDD666042889E93A00F2337B /* AppDelegate.swift in Sources */,
				DDD666062889E93A00F2337B /* SceneDelegate.swift in Sources */,
				DDD57068288AED6E009BDAC5 /* ValidationViewController.swift in Sources */,
				DDD5707F288B5EF1009BDAC5 /* LeaguesTableViewCell.swift in Sources */,
				DDBBA081288C3D260054E38E /* TeamsTableViewCell.swift in Sources */,
				DDD6664A288A430C00F2337B /* DeportesAPIClient.swift in Sources */,
				DDD66643288A418900F2337B /* EndPoints.swift in Sources */,
				DDD66640288A3B1E00F2337B /* DeportesTableViewCell.swift in Sources */,
				DDD66652288A43C800F2337B /* LigasViewModel.swift in Sources */,
				DDD57071288AF6D5009BDAC5 /* lottie.swift in Sources */,
				DDD6664C288A434E00F2337B /* DeportesViewModel.swift in Sources */,
				DDBBA089288C71F70054E38E /* ImagesCollectionViewCell.swift in Sources */,
				DDBBA083288C49190054E38E /* TeamsStruct.swift in Sources */,
				DDD57078288B06B7009BDAC5 /* VistaInfo.swift in Sources */,
				DDBBA073288C35670054E38E /* TeamsViewController.swift in Sources */,
				DDD6664E288A43C400F2337B /* LigasModel.swift in Sources */,
				DDD66648288A42D200F2337B /* DeportesModel.swift in Sources */,
				DDD66650288A43C600F2337B /* LigasAPIClient.swift in Sources */,
				DDD57073288AF7AC009BDAC5 /* popUpViews.swift in Sources */,
				DDD66639288A0FAF00F2337B /* OnBoardingCollectionViewCell.swift in Sources */,
				DDD6663B288A106800F2337B /* OnBoardingViewController.swift in Sources */,
				DDBBA076288C35900054E38E /* TeamsModel.swift in Sources */,
			);
			runOnlyForDeploymentPostprocessing = 0;
		};
		DDD666122889E93B00F2337B /* Sources */ = {
			isa = PBXSourcesBuildPhase;
			buildActionMask = 2147483647;
			files = (
				DDD6661B2889E93B00F2337B /* IkaSportsTests.swift in Sources */,
			);
			runOnlyForDeploymentPostprocessing = 0;
		};
		DDD6661C2889E93B00F2337B /* Sources */ = {
			isa = PBXSourcesBuildPhase;
			buildActionMask = 2147483647;
			files = (
				DDD666252889E93B00F2337B /* IkaSportsUITests.swift in Sources */,
				DDD666272889E93B00F2337B /* IkaSportsUITestsLaunchTests.swift in Sources */,
			);
			runOnlyForDeploymentPostprocessing = 0;
		};
/* End PBXSourcesBuildPhase section */

/* Begin PBXTargetDependency section */
		DDD666182889E93B00F2337B /* PBXTargetDependency */ = {
			isa = PBXTargetDependency;
			target = DDD665FF2889E93A00F2337B /* IkaSports */;
			targetProxy = DDD666172889E93B00F2337B /* PBXContainerItemProxy */;
		};
		DDD666222889E93B00F2337B /* PBXTargetDependency */ = {
			isa = PBXTargetDependency;
			target = DDD665FF2889E93A00F2337B /* IkaSports */;
			targetProxy = DDD666212889E93B00F2337B /* PBXContainerItemProxy */;
		};
/* End PBXTargetDependency section */

/* Begin PBXVariantGroup section */
		DDD666092889E93A00F2337B /* Main.storyboard */ = {
			isa = PBXVariantGroup;
			children = (
				DDD6660A2889E93A00F2337B /* Base */,
			);
			name = Main.storyboard;
			sourceTree = "<group>";
		};
		DDD6660E2889E93B00F2337B /* LaunchScreen.storyboard */ = {
			isa = PBXVariantGroup;
			children = (
				DDD6660F2889E93B00F2337B /* Base */,
			);
			name = LaunchScreen.storyboard;
			sourceTree = "<group>";
		};
/* End PBXVariantGroup section */

/* Begin XCBuildConfiguration section */
		DDD666282889E93B00F2337B /* Debug */ = {
			isa = XCBuildConfiguration;
			buildSettings = {
				ALWAYS_SEARCH_USER_PATHS = NO;
				CLANG_ANALYZER_NONNULL = YES;
				CLANG_ANALYZER_NUMBER_OBJECT_CONVERSION = YES_AGGRESSIVE;
				CLANG_CXX_LANGUAGE_STANDARD = "gnu++17";
				CLANG_ENABLE_MODULES = YES;
				CLANG_ENABLE_OBJC_ARC = YES;
				CLANG_ENABLE_OBJC_WEAK = YES;
				CLANG_WARN_BLOCK_CAPTURE_AUTORELEASING = YES;
				CLANG_WARN_BOOL_CONVERSION = YES;
				CLANG_WARN_COMMA = YES;
				CLANG_WARN_CONSTANT_CONVERSION = YES;
				CLANG_WARN_DEPRECATED_OBJC_IMPLEMENTATIONS = YES;
				CLANG_WARN_DIRECT_OBJC_ISA_USAGE = YES_ERROR;
				CLANG_WARN_DOCUMENTATION_COMMENTS = YES;
				CLANG_WARN_EMPTY_BODY = YES;
				CLANG_WARN_ENUM_CONVERSION = YES;
				CLANG_WARN_INFINITE_RECURSION = YES;
				CLANG_WARN_INT_CONVERSION = YES;
				CLANG_WARN_NON_LITERAL_NULL_CONVERSION = YES;
				CLANG_WARN_OBJC_IMPLICIT_RETAIN_SELF = YES;
				CLANG_WARN_OBJC_LITERAL_CONVERSION = YES;
				CLANG_WARN_OBJC_ROOT_CLASS = YES_ERROR;
				CLANG_WARN_QUOTED_INCLUDE_IN_FRAMEWORK_HEADER = YES;
				CLANG_WARN_RANGE_LOOP_ANALYSIS = YES;
				CLANG_WARN_STRICT_PROTOTYPES = YES;
				CLANG_WARN_SUSPICIOUS_MOVE = YES;
				CLANG_WARN_UNGUARDED_AVAILABILITY = YES_AGGRESSIVE;
				CLANG_WARN_UNREACHABLE_CODE = YES;
				CLANG_WARN__DUPLICATE_METHOD_MATCH = YES;
				COPY_PHASE_STRIP = NO;
				DEBUG_INFORMATION_FORMAT = dwarf;
				ENABLE_STRICT_OBJC_MSGSEND = YES;
				ENABLE_TESTABILITY = YES;
				GCC_C_LANGUAGE_STANDARD = gnu11;
				GCC_DYNAMIC_NO_PIC = NO;
				GCC_NO_COMMON_BLOCKS = YES;
				GCC_OPTIMIZATION_LEVEL = 0;
				GCC_PREPROCESSOR_DEFINITIONS = (
					"DEBUG=1",
					"$(inherited)",
				);
				GCC_WARN_64_TO_32_BIT_CONVERSION = YES;
				GCC_WARN_ABOUT_RETURN_TYPE = YES_ERROR;
				GCC_WARN_UNDECLARED_SELECTOR = YES;
				GCC_WARN_UNINITIALIZED_AUTOS = YES_AGGRESSIVE;
				GCC_WARN_UNUSED_FUNCTION = YES;
				GCC_WARN_UNUSED_VARIABLE = YES;
				IPHONEOS_DEPLOYMENT_TARGET = 15.5;
				MTL_ENABLE_DEBUG_INFO = INCLUDE_SOURCE;
				MTL_FAST_MATH = YES;
				ONLY_ACTIVE_ARCH = YES;
				SDKROOT = iphoneos;
				SWIFT_ACTIVE_COMPILATION_CONDITIONS = DEBUG;
				SWIFT_OPTIMIZATION_LEVEL = "-Onone";
			};
			name = Debug;
		};
		DDD666292889E93B00F2337B /* Release */ = {
			isa = XCBuildConfiguration;
			buildSettings = {
				ALWAYS_SEARCH_USER_PATHS = NO;
				CLANG_ANALYZER_NONNULL = YES;
				CLANG_ANALYZER_NUMBER_OBJECT_CONVERSION = YES_AGGRESSIVE;
				CLANG_CXX_LANGUAGE_STANDARD = "gnu++17";
				CLANG_ENABLE_MODULES = YES;
				CLANG_ENABLE_OBJC_ARC = YES;
				CLANG_ENABLE_OBJC_WEAK = YES;
				CLANG_WARN_BLOCK_CAPTURE_AUTORELEASING = YES;
				CLANG_WARN_BOOL_CONVERSION = YES;
				CLANG_WARN_COMMA = YES;
				CLANG_WARN_CONSTANT_CONVERSION = YES;
				CLANG_WARN_DEPRECATED_OBJC_IMPLEMENTATIONS = YES;
				CLANG_WARN_DIRECT_OBJC_ISA_USAGE = YES_ERROR;
				CLANG_WARN_DOCUMENTATION_COMMENTS = YES;
				CLANG_WARN_EMPTY_BODY = YES;
				CLANG_WARN_ENUM_CONVERSION = YES;
				CLANG_WARN_INFINITE_RECURSION = YES;
				CLANG_WARN_INT_CONVERSION = YES;
				CLANG_WARN_NON_LITERAL_NULL_CONVERSION = YES;
				CLANG_WARN_OBJC_IMPLICIT_RETAIN_SELF = YES;
				CLANG_WARN_OBJC_LITERAL_CONVERSION = YES;
				CLANG_WARN_OBJC_ROOT_CLASS = YES_ERROR;
				CLANG_WARN_QUOTED_INCLUDE_IN_FRAMEWORK_HEADER = YES;
				CLANG_WARN_RANGE_LOOP_ANALYSIS = YES;
				CLANG_WARN_STRICT_PROTOTYPES = YES;
				CLANG_WARN_SUSPICIOUS_MOVE = YES;
				CLANG_WARN_UNGUARDED_AVAILABILITY = YES_AGGRESSIVE;
				CLANG_WARN_UNREACHABLE_CODE = YES;
				CLANG_WARN__DUPLICATE_METHOD_MATCH = YES;
				COPY_PHASE_STRIP = NO;
				DEBUG_INFORMATION_FORMAT = "dwarf-with-dsym";
				ENABLE_NS_ASSERTIONS = NO;
				ENABLE_STRICT_OBJC_MSGSEND = YES;
				GCC_C_LANGUAGE_STANDARD = gnu11;
				GCC_NO_COMMON_BLOCKS = YES;
				GCC_WARN_64_TO_32_BIT_CONVERSION = YES;
				GCC_WARN_ABOUT_RETURN_TYPE = YES_ERROR;
				GCC_WARN_UNDECLARED_SELECTOR = YES;
				GCC_WARN_UNINITIALIZED_AUTOS = YES_AGGRESSIVE;
				GCC_WARN_UNUSED_FUNCTION = YES;
				GCC_WARN_UNUSED_VARIABLE = YES;
				IPHONEOS_DEPLOYMENT_TARGET = 15.5;
				MTL_ENABLE_DEBUG_INFO = NO;
				MTL_FAST_MATH = YES;
				SDKROOT = iphoneos;
				SWIFT_COMPILATION_MODE = wholemodule;
				SWIFT_OPTIMIZATION_LEVEL = "-O";
				VALIDATE_PRODUCT = YES;
			};
			name = Release;
		};
		DDD6662B2889E93B00F2337B /* Debug */ = {
			isa = XCBuildConfiguration;
			baseConfigurationReference = 3F010D02693A6BF5FCB2B536 /* Pods-IkaSports.debug.xcconfig */;
			buildSettings = {
				ASSETCATALOG_COMPILER_APPICON_NAME = AppIcon;
				ASSETCATALOG_COMPILER_GLOBAL_ACCENT_COLOR_NAME = AccentColor;
				CODE_SIGN_STYLE = Automatic;
				CURRENT_PROJECT_VERSION = 1;
				DEVELOPMENT_TEAM = D7PY3NDMQA;
				GENERATE_INFOPLIST_FILE = YES;
				INFOPLIST_FILE = IkaSports/Info.plist;
				INFOPLIST_KEY_UIApplicationSupportsIndirectInputEvents = YES;
				INFOPLIST_KEY_UILaunchStoryboardName = LaunchScreen;
				INFOPLIST_KEY_UIMainStoryboardFile = ValidationView;
				INFOPLIST_KEY_UISupportedInterfaceOrientations_iPad = "UIInterfaceOrientationPortrait UIInterfaceOrientationPortraitUpsideDown UIInterfaceOrientationLandscapeLeft UIInterfaceOrientationLandscapeRight";
				INFOPLIST_KEY_UISupportedInterfaceOrientations_iPhone = "UIInterfaceOrientationPortrait UIInterfaceOrientationLandscapeLeft UIInterfaceOrientationLandscapeRight";
				IPHONEOS_DEPLOYMENT_TARGET = 13.0;
				LD_RUNPATH_SEARCH_PATHS = (
					"$(inherited)",
					"@executable_path/Frameworks",
				);
				MARKETING_VERSION = 1.0;
				PRODUCT_BUNDLE_IDENTIFIER = com.Testing.IkaSports;
				PRODUCT_NAME = "$(TARGET_NAME)";
				SWIFT_EMIT_LOC_STRINGS = YES;
				SWIFT_VERSION = 5.0;
				TARGETED_DEVICE_FAMILY = 1;
			};
			name = Debug;
		};
		DDD6662C2889E93B00F2337B /* Release */ = {
			isa = XCBuildConfiguration;
			baseConfigurationReference = A91179026D8AA0D7DED16CF9 /* Pods-IkaSports.release.xcconfig */;
			buildSettings = {
				ASSETCATALOG_COMPILER_APPICON_NAME = AppIcon;
				ASSETCATALOG_COMPILER_GLOBAL_ACCENT_COLOR_NAME = AccentColor;
				CODE_SIGN_STYLE = Automatic;
				CURRENT_PROJECT_VERSION = 1;
				DEVELOPMENT_TEAM = D7PY3NDMQA;
				GENERATE_INFOPLIST_FILE = YES;
				INFOPLIST_FILE = IkaSports/Info.plist;
				INFOPLIST_KEY_UIApplicationSupportsIndirectInputEvents = YES;
				INFOPLIST_KEY_UILaunchStoryboardName = LaunchScreen;
				INFOPLIST_KEY_UIMainStoryboardFile = ValidationView;
				INFOPLIST_KEY_UISupportedInterfaceOrientations_iPad = "UIInterfaceOrientationPortrait UIInterfaceOrientationPortraitUpsideDown UIInterfaceOrientationLandscapeLeft UIInterfaceOrientationLandscapeRight";
				INFOPLIST_KEY_UISupportedInterfaceOrientations_iPhone = "UIInterfaceOrientationPortrait UIInterfaceOrientationLandscapeLeft UIInterfaceOrientationLandscapeRight";
				IPHONEOS_DEPLOYMENT_TARGET = 13.0;
				LD_RUNPATH_SEARCH_PATHS = (
					"$(inherited)",
					"@executable_path/Frameworks",
				);
				MARKETING_VERSION = 1.0;
				PRODUCT_BUNDLE_IDENTIFIER = com.Testing.IkaSports;
				PRODUCT_NAME = "$(TARGET_NAME)";
				SWIFT_EMIT_LOC_STRINGS = YES;
				SWIFT_VERSION = 5.0;
				TARGETED_DEVICE_FAMILY = 1;
			};
			name = Release;
		};
		DDD6662E2889E93B00F2337B /* Debug */ = {
			isa = XCBuildConfiguration;
			baseConfigurationReference = E053ED028CA97D2537FC9198 /* Pods-IkaSportsTests.debug.xcconfig */;
			buildSettings = {
				ALWAYS_EMBED_SWIFT_STANDARD_LIBRARIES = YES;
				BUNDLE_LOADER = "$(TEST_HOST)";
				CODE_SIGN_STYLE = Automatic;
				CURRENT_PROJECT_VERSION = 1;
				DEVELOPMENT_TEAM = D7PY3NDMQA;
				GENERATE_INFOPLIST_FILE = YES;
				IPHONEOS_DEPLOYMENT_TARGET = 15.5;
				MARKETING_VERSION = 1.0;
				PRODUCT_BUNDLE_IDENTIFIER = com.Testing.IkaSportsTests;
				PRODUCT_NAME = "$(TARGET_NAME)";
				SWIFT_EMIT_LOC_STRINGS = NO;
				SWIFT_VERSION = 5.0;
				TARGETED_DEVICE_FAMILY = "1,2";
				TEST_HOST = "$(BUILT_PRODUCTS_DIR)/IkaSports.app/IkaSports";
			};
			name = Debug;
		};
		DDD6662F2889E93B00F2337B /* Release */ = {
			isa = XCBuildConfiguration;
			baseConfigurationReference = CF049A86535737E0C00ABFF8 /* Pods-IkaSportsTests.release.xcconfig */;
			buildSettings = {
				ALWAYS_EMBED_SWIFT_STANDARD_LIBRARIES = YES;
				BUNDLE_LOADER = "$(TEST_HOST)";
				CODE_SIGN_STYLE = Automatic;
				CURRENT_PROJECT_VERSION = 1;
				DEVELOPMENT_TEAM = D7PY3NDMQA;
				GENERATE_INFOPLIST_FILE = YES;
				IPHONEOS_DEPLOYMENT_TARGET = 15.5;
				MARKETING_VERSION = 1.0;
				PRODUCT_BUNDLE_IDENTIFIER = com.Testing.IkaSportsTests;
				PRODUCT_NAME = "$(TARGET_NAME)";
				SWIFT_EMIT_LOC_STRINGS = NO;
				SWIFT_VERSION = 5.0;
				TARGETED_DEVICE_FAMILY = "1,2";
				TEST_HOST = "$(BUILT_PRODUCTS_DIR)/IkaSports.app/IkaSports";
			};
			name = Release;
		};
		DDD666312889E93B00F2337B /* Debug */ = {
			isa = XCBuildConfiguration;
			baseConfigurationReference = 13497FCD91656AA590FC45EB /* Pods-IkaSports-IkaSportsUITests.debug.xcconfig */;
			buildSettings = {
				ALWAYS_EMBED_SWIFT_STANDARD_LIBRARIES = YES;
				CODE_SIGN_STYLE = Automatic;
				CURRENT_PROJECT_VERSION = 1;
				DEVELOPMENT_TEAM = D7PY3NDMQA;
				GENERATE_INFOPLIST_FILE = YES;
				MARKETING_VERSION = 1.0;
				PRODUCT_BUNDLE_IDENTIFIER = com.Testing.IkaSportsUITests;
				PRODUCT_NAME = "$(TARGET_NAME)";
				SWIFT_EMIT_LOC_STRINGS = NO;
				SWIFT_VERSION = 5.0;
				TARGETED_DEVICE_FAMILY = "1,2";
				TEST_TARGET_NAME = IkaSports;
			};
			name = Debug;
		};
		DDD666322889E93B00F2337B /* Release */ = {
			isa = XCBuildConfiguration;
			baseConfigurationReference = 1EDA8F82CA828164C757E0F1 /* Pods-IkaSports-IkaSportsUITests.release.xcconfig */;
			buildSettings = {
				ALWAYS_EMBED_SWIFT_STANDARD_LIBRARIES = YES;
				CODE_SIGN_STYLE = Automatic;
				CURRENT_PROJECT_VERSION = 1;
				DEVELOPMENT_TEAM = D7PY3NDMQA;
				GENERATE_INFOPLIST_FILE = YES;
				MARKETING_VERSION = 1.0;
				PRODUCT_BUNDLE_IDENTIFIER = com.Testing.IkaSportsUITests;
				PRODUCT_NAME = "$(TARGET_NAME)";
				SWIFT_EMIT_LOC_STRINGS = NO;
				SWIFT_VERSION = 5.0;
				TARGETED_DEVICE_FAMILY = "1,2";
				TEST_TARGET_NAME = IkaSports;
			};
			name = Release;
		};
/* End XCBuildConfiguration section */

/* Begin XCConfigurationList section */
		DDD665FB2889E93A00F2337B /* Build configuration list for PBXProject "IkaSports" */ = {
			isa = XCConfigurationList;
			buildConfigurations = (
				DDD666282889E93B00F2337B /* Debug */,
				DDD666292889E93B00F2337B /* Release */,
			);
			defaultConfigurationIsVisible = 0;
			defaultConfigurationName = Release;
		};
		DDD6662A2889E93B00F2337B /* Build configuration list for PBXNativeTarget "IkaSports" */ = {
			isa = XCConfigurationList;
			buildConfigurations = (
				DDD6662B2889E93B00F2337B /* Debug */,
				DDD6662C2889E93B00F2337B /* Release */,
			);
			defaultConfigurationIsVisible = 0;
			defaultConfigurationName = Release;
		};
		DDD6662D2889E93B00F2337B /* Build configuration list for PBXNativeTarget "IkaSportsTests" */ = {
			isa = XCConfigurationList;
			buildConfigurations = (
				DDD6662E2889E93B00F2337B /* Debug */,
				DDD6662F2889E93B00F2337B /* Release */,
			);
			defaultConfigurationIsVisible = 0;
			defaultConfigurationName = Release;
		};
		DDD666302889E93B00F2337B /* Build configuration list for PBXNativeTarget "IkaSportsUITests" */ = {
			isa = XCConfigurationList;
			buildConfigurations = (
				DDD666312889E93B00F2337B /* Debug */,
				DDD666322889E93B00F2337B /* Release */,
			);
			defaultConfigurationIsVisible = 0;
			defaultConfigurationName = Release;
		};
/* End XCConfigurationList section */
	};
	rootObject = DDD665F82889E93A00F2337B /* Project object */;
}
